
Microsoft Visual Studio Solution File, Format Version 12.00
# Visual Studio Version 17
VisualStudioVersion = 17.4.33213.308
MinimumVisualStudioVersion = 10.0.40219.1
Project("{9A19103F-16F7-4668-BE54-9A1E7A4F7556}") = "SingletonDesingPattern", "SingletonDesingPattern\SingletonDesingPattern.csproj", "{1D7C2B45-C4CE-4693-94E3-96183243BFEA}"
EndProject
Project("{9A19103F-16F7-4668-BE54-9A1E7A4F7556}") = "SingletonDesingPatternExample_1", "SingletonDesingPatternExample_1\SingletonDesingPatternExample_1.csproj", "{5CF86D70-F496-46E4-B72E-1121FFB4234B}"
EndProject
Project("{9A19103F-16F7-4668-BE54-9A1E7A4F7556}") = "SingletonDesignPatternAsyncExample", "SingletonDesignPatternAsyncExample\SingletonDesignPatternAsyncExample.csproj", "{29FF4960-634A-4E0C-B5D7-E169BD766B9F}"
EndProject
Project("{9A19103F-16F7-4668-BE54-9A1E7A4F7556}") = "MultitonDesignPattern", "MultitonDesignPattern\MultitonDesignPattern.csproj", "{FC189DFC-CFCF-4B2B-8D63-D6A3417BB4B7}"
EndProject
Project("{9A19103F-16F7-4668-BE54-9A1E7A4F7556}") = "FactoryDesignPattern", "FactoryDesignPattern\FactoryDesignPattern.csproj", "{CFEAB21E-208E-4DED-A5C9-DE103E507A96}"
EndProject
Project("{9A19103F-16F7-4668-BE54-9A1E7A4F7556}") = "FactoryMethodDesignPattern", "FactoryMethodDesignPattern\FactoryMethodDesignPattern.csproj", "{CA1A721D-4E5E-4E6F-8A4D-09F8497F9B22}"
EndProject
Project("{9A19103F-16F7-4668-BE54-9A1E7A4F7556}") = "FactoryMethodDesignPatternExample_1", "FactoryMethodDesignPatternExample_1\FactoryMethodDesignPatternExample_1.csproj", "{54E76525-7771-4E20-9158-5A12934A73D1}"
EndProject
Project("{9A19103F-16F7-4668-BE54-9A1E7A4F7556}") = "FactoryMethodDesignPatternExample_2", "FactoryMethodDesignPatternExample_2\FactoryMethodDesignPatternExample_2.csproj", "{5099EF5E-10B7-4715-BE95-8DAC3ECCD3E4}"
EndProject
Project("{FAE04EC0-301F-11D3-BF4B-00C04F79EFBC}") = "AbstractFactoryDesignPattern", "AbstractFactoryDesignPattern\AbstractFactoryDesignPattern.csproj", "{B08A73AE-F41D-417B-B2E8-2C507B19E31E}"
EndProject
Global
	GlobalSection(SolutionConfigurationPlatforms) = preSolution
		Debug|Any CPU = Debug|Any CPU
		Release|Any CPU = Release|Any CPU
	EndGlobalSection
	GlobalSection(ProjectConfigurationPlatforms) = postSolution
		{1D7C2B45-C4CE-4693-94E3-96183243BFEA}.Debug|Any CPU.ActiveCfg = Debug|Any CPU
		{1D7C2B45-C4CE-4693-94E3-96183243BFEA}.Debug|Any CPU.Build.0 = Debug|Any CPU
		{1D7C2B45-C4CE-4693-94E3-96183243BFEA}.Release|Any CPU.ActiveCfg = Release|Any CPU
		{1D7C2B45-C4CE-4693-94E3-96183243BFEA}.Release|Any CPU.Build.0 = Release|Any CPU
		{5CF86D70-F496-46E4-B72E-1121FFB4234B}.Debug|Any CPU.ActiveCfg = Debug|Any CPU
		{5CF86D70-F496-46E4-B72E-1121FFB4234B}.Debug|Any CPU.Build.0 = Debug|Any CPU
		{5CF86D70-F496-46E4-B72E-1121FFB4234B}.Release|Any CPU.ActiveCfg = Release|Any CPU
		{5CF86D70-F496-46E4-B72E-1121FFB4234B}.Release|Any CPU.Build.0 = Release|Any CPU
		{29FF4960-634A-4E0C-B5D7-E169BD766B9F}.Debug|Any CPU.ActiveCfg = Debug|Any CPU
		{29FF4960-634A-4E0C-B5D7-E169BD766B9F}.Debug|Any CPU.Build.0 = Debug|Any CPU
		{29FF4960-634A-4E0C-B5D7-E169BD766B9F}.Release|Any CPU.ActiveCfg = Release|Any CPU
		{29FF4960-634A-4E0C-B5D7-E169BD766B9F}.Release|Any CPU.Build.0 = Release|Any CPU
		{FC189DFC-CFCF-4B2B-8D63-D6A3417BB4B7}.Debug|Any CPU.ActiveCfg = Debug|Any CPU
		{FC189DFC-CFCF-4B2B-8D63-D6A3417BB4B7}.Debug|Any CPU.Build.0 = Debug|Any CPU
		{FC189DFC-CFCF-4B2B-8D63-D6A3417BB4B7}.Release|Any CPU.ActiveCfg = Release|Any CPU
		{FC189DFC-CFCF-4B2B-8D63-D6A3417BB4B7}.Release|Any CPU.Build.0 = Release|Any CPU
		{CFEAB21E-208E-4DED-A5C9-DE103E507A96}.Debug|Any CPU.ActiveCfg = Debug|Any CPU
		{CFEAB21E-208E-4DED-A5C9-DE103E507A96}.Debug|Any CPU.Build.0 = Debug|Any CPU
		{CFEAB21E-208E-4DED-A5C9-DE103E507A96}.Release|Any CPU.ActiveCfg = Release|Any CPU
		{CFEAB21E-208E-4DED-A5C9-DE103E507A96}.Release|Any CPU.Build.0 = Release|Any CPU
		{CA1A721D-4E5E-4E6F-8A4D-09F8497F9B22}.Debug|Any CPU.ActiveCfg = Debug|Any CPU
		{CA1A721D-4E5E-4E6F-8A4D-09F8497F9B22}.Debug|Any CPU.Build.0 = Debug|Any CPU
		{CA1A721D-4E5E-4E6F-8A4D-09F8497F9B22}.Release|Any CPU.ActiveCfg = Release|Any CPU
		{CA1A721D-4E5E-4E6F-8A4D-09F8497F9B22}.Release|Any CPU.Build.0 = Release|Any CPU
		{54E76525-7771-4E20-9158-5A12934A73D1}.Debug|Any CPU.ActiveCfg = Debug|Any CPU
		{54E76525-7771-4E20-9158-5A12934A73D1}.Debug|Any CPU.Build.0 = Debug|Any CPU
		{54E76525-7771-4E20-9158-5A12934A73D1}.Release|Any CPU.ActiveCfg = Release|Any CPU
		{54E76525-7771-4E20-9158-5A12934A73D1}.Release|Any CPU.Build.0 = Release|Any CPU
		{5099EF5E-10B7-4715-BE95-8DAC3ECCD3E4}.Debug|Any CPU.ActiveCfg = Debug|Any CPU
		{5099EF5E-10B7-4715-BE95-8DAC3ECCD3E4}.Debug|Any CPU.Build.0 = Debug|Any CPU
		{5099EF5E-10B7-4715-BE95-8DAC3ECCD3E4}.Release|Any CPU.ActiveCfg = Release|Any CPU
		{5099EF5E-10B7-4715-BE95-8DAC3ECCD3E4}.Release|Any CPU.Build.0 = Release|Any CPU
		{B08A73AE-F41D-417B-B2E8-2C507B19E31E}.Debug|Any CPU.ActiveCfg = Debug|Any CPU
		{B08A73AE-F41D-417B-B2E8-2C507B19E31E}.Debug|Any CPU.Build.0 = Debug|Any CPU
		{B08A73AE-F41D-417B-B2E8-2C507B19E31E}.Release|Any CPU.ActiveCfg = Release|Any CPU
		{B08A73AE-F41D-417B-B2E8-2C507B19E31E}.Release|Any CPU.Build.0 = Release|Any CPU
	EndGlobalSection
	GlobalSection(SolutionProperties) = preSolution
		HideSolutionNode = FALSE
	EndGlobalSection
	GlobalSection(ExtensibilityGlobals) = postSolution
		SolutionGuid = {7D2747B9-00B2-4F3A-BFC0-271EFA2B7761}
	EndGlobalSection
EndGlobal
